{
    "name": "node-red-project",
    "version": "0.0.1",
    "lockfileVersion": 2,
    "requires": true,
    "packages": {
        "": {
            "name": "node-red-project",
            "version": "0.0.1",
            "dependencies": {
                "node-red-contrib-moment": "~4.0.0",
                "node-red-contrib-sonos-plus": "~6.6.1"
            }
        },
        "node_modules/@svrooij/sonos": {
            "version": "2.6.0-beta.5",
            "resolved": "https://registry.npmjs.org/@svrooij/sonos/-/sonos-2.6.0-beta.5.tgz",
            "integrity": "sha512-eGZICTVmZtNR/HdPxrrH006UGCHW9xMhJn/FIUudcZvKSh19mA2oIsSCa4dhSt5/+SRi2r8yob6H45DObZ61Ng==",
            "dependencies": {
                "debug": "4.3.1",
                "fast-xml-parser": "3.19.0",
                "guid-typescript": "^1.0.9",
                "html-entities": "^2.3.2",
                "node-fetch": "^2.6.1",
                "typed-emitter": "^1.3.1",
                "ws": "^8.12.1"
            }
        },
        "node_modules/@svrooij/sonos/node_modules/debug": {
            "version": "4.3.1",
            "resolved": "https://registry.npmjs.org/debug/-/debug-4.3.1.tgz",
            "integrity": "sha512-doEwdvm4PCeK4K3RQN2ZC2BYUBaxwLARCqZmMjtF8a51J2Rb0xpVloFRnCODwqjpwnAoao4pelN8l3RJdv3gRQ==",
            "dependencies": {
                "ms": "2.1.2"
            },
            "engines": {
                "node": ">=6.0"
            },
            "peerDependenciesMeta": {
                "supports-color": {
                    "optional": true
                }
            }
        },
        "node_modules/@svrooij/sonos/node_modules/fast-xml-parser": {
            "version": "3.19.0",
            "resolved": "https://registry.npmjs.org/fast-xml-parser/-/fast-xml-parser-3.19.0.tgz",
            "integrity": "sha512-4pXwmBplsCPv8FOY1WRakF970TjNGnGnfbOnLqjlYvMiF1SR3yOHyxMR/YCXpPTOspNF5gwudqktIP4VsWkvBg==",
            "bin": {
                "xml2js": "cli.js"
            },
            "funding": {
                "type": "paypal",
                "url": "https://paypal.me/naturalintelligence"
            }
        },
        "node_modules/asynckit": {
            "version": "0.4.0",
            "resolved": "https://registry.npmjs.org/asynckit/-/asynckit-0.4.0.tgz",
            "integrity": "sha512-Oei9OH4tRh0YqU3GxhX79dM/mwVgvbZJaSNaRk+bshkj0S5cfHcgYakreBjrHwatXKbz+IoIdYLxrKim2MjW0Q=="
        },
        "node_modules/axios": {
            "version": "1.3.4",
            "resolved": "https://registry.npmjs.org/axios/-/axios-1.3.4.tgz",
            "integrity": "sha512-toYm+Bsyl6VC5wSkfkbbNB6ROv7KY93PEBBL6xyDczaIHasAiv4wPqQ/c4RjoQzipxRD2W5g21cOqQulZ7rHwQ==",
            "dependencies": {
                "follow-redirects": "^1.15.0",
                "form-data": "^4.0.0",
                "proxy-from-env": "^1.1.0"
            }
        },
        "node_modules/combined-stream": {
            "version": "1.0.8",
            "resolved": "https://registry.npmjs.org/combined-stream/-/combined-stream-1.0.8.tgz",
            "integrity": "sha512-FQN4MRfuJeHf7cBbBMJFXhKSDq+2kAArBlmRBvcvFE5BB1HZKXtSFASDhdlz9zOYwxh8lDdnvmMOe/+5cdoEdg==",
            "dependencies": {
                "delayed-stream": "~1.0.0"
            },
            "engines": {
                "node": ">= 0.8"
            }
        },
        "node_modules/cross-spawn": {
            "version": "7.0.3",
            "resolved": "https://registry.npmjs.org/cross-spawn/-/cross-spawn-7.0.3.tgz",
            "integrity": "sha512-iRDPJKUPVEND7dHPO8rkbOnPpyDygcDFtWjpeWNCgy8WP2rXcxXL8TskReQl6OrB2G7+UJrags1q15Fudc7G6w==",
            "dependencies": {
                "path-key": "^3.1.0",
                "shebang-command": "^2.0.0",
                "which": "^2.0.1"
            },
            "engines": {
                "node": ">= 8"
            }
        },
        "node_modules/debug": {
            "version": "4.3.4",
            "resolved": "https://registry.npmjs.org/debug/-/debug-4.3.4.tgz",
            "integrity": "sha512-PRWFHuSU3eDtQJPvnNY7Jcket1j0t5OuOsFzPPzsekD52Zl8qUfFIPEiswXqIvHWGVHOgX+7G/vCNNhehwxfkQ==",
            "dependencies": {
                "ms": "2.1.2"
            },
            "engines": {
                "node": ">=6.0"
            },
            "peerDependenciesMeta": {
                "supports-color": {
                    "optional": true
                }
            }
        },
        "node_modules/delayed-stream": {
            "version": "1.0.0",
            "resolved": "https://registry.npmjs.org/delayed-stream/-/delayed-stream-1.0.0.tgz",
            "integrity": "sha512-ZySD7Nf91aLB0RxL4KGrKHBXl7Eds1DAmEdcoVawXnLD7SDhpNgtuII2aAkg7a7QS41jxPSZ17p4VdGnMHk3MQ==",
            "engines": {
                "node": ">=0.4.0"
            }
        },
        "node_modules/end-of-stream": {
            "version": "1.4.4",
            "resolved": "https://registry.npmjs.org/end-of-stream/-/end-of-stream-1.4.4.tgz",
            "integrity": "sha512-+uw1inIHVPQoaVuHzRyXd21icM+cnt4CzD5rW+NC1wjOUSTOs+Te7FOv7AhN7vS9x/oIyhLP5PR1H+phQAHu5Q==",
            "dependencies": {
                "once": "^1.4.0"
            }
        },
        "node_modules/execa": {
            "version": "4.1.0",
            "resolved": "https://registry.npmjs.org/execa/-/execa-4.1.0.tgz",
            "integrity": "sha512-j5W0//W7f8UxAn8hXVnwG8tLwdiUy4FJLcSupCg6maBYZDpyBvTApK7KyuI4bKj8KOh1r2YH+6ucuYtJv1bTZA==",
            "dependencies": {
                "cross-spawn": "^7.0.0",
                "get-stream": "^5.0.0",
                "human-signals": "^1.1.1",
                "is-stream": "^2.0.0",
                "merge-stream": "^2.0.0",
                "npm-run-path": "^4.0.0",
                "onetime": "^5.1.0",
                "signal-exit": "^3.0.2",
                "strip-final-newline": "^2.0.0"
            },
            "engines": {
                "node": ">=10"
            },
            "funding": {
                "url": "https://github.com/sindresorhus/execa?sponsor=1"
            }
        },
        "node_modules/fast-xml-parser": {
            "version": "4.1.3",
            "resolved": "https://registry.npmjs.org/fast-xml-parser/-/fast-xml-parser-4.1.3.tgz",
            "integrity": "sha512-LsNDahCiCcJPe8NO7HijcnukHB24tKbfDDA5IILx9dmW3Frb52lhbeX6MPNUSvyGNfav2VTYpJ/OqkRoVLrh2Q==",
            "dependencies": {
                "strnum": "^1.0.5"
            },
            "bin": {
                "fxparser": "src/cli/cli.js"
            },
            "funding": {
                "type": "paypal",
                "url": "https://paypal.me/naturalintelligence"
            }
        },
        "node_modules/follow-redirects": {
            "version": "1.15.2",
            "resolved": "https://registry.npmjs.org/follow-redirects/-/follow-redirects-1.15.2.tgz",
            "integrity": "sha512-VQLG33o04KaQ8uYi2tVNbdrWp1QWxNNea+nmIB4EVM28v0hmP17z7aG1+wAkNzVq4KeXTq3221ye5qTJP91JwA==",
            "funding": [
                {
                    "type": "individual",
                    "url": "https://github.com/sponsors/RubenVerborgh"
                }
            ],
            "engines": {
                "node": ">=4.0"
            },
            "peerDependenciesMeta": {
                "debug": {
                    "optional": true
                }
            }
        },
        "node_modules/form-data": {
            "version": "4.0.0",
            "resolved": "https://registry.npmjs.org/form-data/-/form-data-4.0.0.tgz",
            "integrity": "sha512-ETEklSGi5t0QMZuiXoA/Q6vcnxcLQP5vdugSpuAyi6SVGi2clPPp+xgEhuMaHC+zGgn31Kd235W35f7Hykkaww==",
            "dependencies": {
                "asynckit": "^0.4.0",
                "combined-stream": "^1.0.8",
                "mime-types": "^2.1.12"
            },
            "engines": {
                "node": ">= 6"
            }
        },
        "node_modules/get-stream": {
            "version": "5.2.0",
            "resolved": "https://registry.npmjs.org/get-stream/-/get-stream-5.2.0.tgz",
            "integrity": "sha512-nBF+F1rAZVCu/p7rjzgA+Yb4lfYXrpl7a6VmJrU8wF9I1CKvP/QwPNZHnOlwbTkY6dvtFIzFMSyQXbLoTQPRpA==",
            "dependencies": {
                "pump": "^3.0.0"
            },
            "engines": {
                "node": ">=8"
            },
            "funding": {
                "url": "https://github.com/sponsors/sindresorhus"
            }
        },
        "node_modules/guid-typescript": {
            "version": "1.0.9",
            "resolved": "https://registry.npmjs.org/guid-typescript/-/guid-typescript-1.0.9.tgz",
            "integrity": "sha512-Y8T4vYhEfwJOTbouREvG+3XDsjr8E3kIr7uf+JZ0BYloFsttiHU0WfvANVsR7TxNUJa/WpCnw/Ino/p+DeBhBQ=="
        },
        "node_modules/html-entities": {
            "version": "2.3.3",
            "resolved": "https://registry.npmjs.org/html-entities/-/html-entities-2.3.3.tgz",
            "integrity": "sha512-DV5Ln36z34NNTDgnz0EWGBLZENelNAtkiFA4kyNOG2tDI6Mz1uSWiq1wAKdyjnJwyDiDO7Fa2SO1CTxPXL8VxA=="
        },
        "node_modules/human-signals": {
            "version": "1.1.1",
            "resolved": "https://registry.npmjs.org/human-signals/-/human-signals-1.1.1.tgz",
            "integrity": "sha512-SEQu7vl8KjNL2eoGBLF3+wAjpsNfA9XMlXAYj/3EdaNfAlxKthD1xjEQfGOUhllCGGJVNY34bRr6lPINhNjyZw==",
            "engines": {
                "node": ">=8.12.0"
            }
        },
        "node_modules/invert-kv": {
            "version": "3.0.1",
            "resolved": "https://registry.npmjs.org/invert-kv/-/invert-kv-3.0.1.tgz",
            "integrity": "sha512-CYdFeFexxhv/Bcny+Q0BfOV+ltRlJcd4BBZBYFX/O0u4npJrgZtIcjokegtiSMAvlMTJ+Koq0GBCc//3bueQxw==",
            "engines": {
                "node": ">=8"
            },
            "funding": {
                "url": "https://github.com/sindresorhus/invert-kv?sponsor=1"
            }
        },
        "node_modules/is-stream": {
            "version": "2.0.1",
            "resolved": "https://registry.npmjs.org/is-stream/-/is-stream-2.0.1.tgz",
            "integrity": "sha512-hFoiJiTl63nn+kstHGBtewWSKnQLpyb155KHheA1l39uvtO9nWIop1p3udqPcUd/xbF1VLMO4n7OI6p7RbngDg==",
            "engines": {
                "node": ">=8"
            },
            "funding": {
                "url": "https://github.com/sponsors/sindresorhus"
            }
        },
        "node_modules/isexe": {
            "version": "2.0.0",
            "resolved": "https://registry.npmjs.org/isexe/-/isexe-2.0.0.tgz",
            "integrity": "sha512-RHxMLp9lnKHGHRng9QFhRCMbYAcVpn69smSGcq3f36xjgVVWThj4qqLbTLlq7Ssj8B+fIQ1EuCEGI2lKsyQeIw=="
        },
        "node_modules/lcid": {
            "version": "3.1.1",
            "resolved": "https://registry.npmjs.org/lcid/-/lcid-3.1.1.tgz",
            "integrity": "sha512-M6T051+5QCGLBQb8id3hdvIW8+zeFV2FyBGFS9IEK5H9Wt4MueD4bW1eWikpHgZp+5xR3l5c8pZUkQsIA0BFZg==",
            "dependencies": {
                "invert-kv": "^3.0.0"
            },
            "engines": {
                "node": ">=8"
            }
        },
        "node_modules/map-age-cleaner": {
            "version": "0.1.3",
            "resolved": "https://registry.npmjs.org/map-age-cleaner/-/map-age-cleaner-0.1.3.tgz",
            "integrity": "sha512-bJzx6nMoP6PDLPBFmg7+xRKeFZvFboMrGlxmNj9ClvX53KrmvM5bXFXEWjbz4cz1AFn+jWJ9z/DJSz7hrs0w3w==",
            "dependencies": {
                "p-defer": "^1.0.0"
            },
            "engines": {
                "node": ">=6"
            }
        },
        "node_modules/mem": {
            "version": "5.1.1",
            "resolved": "https://registry.npmjs.org/mem/-/mem-5.1.1.tgz",
            "integrity": "sha512-qvwipnozMohxLXG1pOqoLiZKNkC4r4qqRucSoDwXowsNGDSULiqFTRUF05vcZWnwJSG22qTsynQhxbaMtnX9gw==",
            "dependencies": {
                "map-age-cleaner": "^0.1.3",
                "mimic-fn": "^2.1.0",
                "p-is-promise": "^2.1.0"
            },
            "engines": {
                "node": ">=8"
            }
        },
        "node_modules/merge-stream": {
            "version": "2.0.0",
            "resolved": "https://registry.npmjs.org/merge-stream/-/merge-stream-2.0.0.tgz",
            "integrity": "sha512-abv/qOcuPfk3URPfDzmZU1LKmuw8kT+0nIHvKrKgFrwifol/doWcdA4ZqsWQ8ENrFKkd67Mfpo/LovbIUsbt3w=="
        },
        "node_modules/mime-db": {
            "version": "1.52.0",
            "resolved": "https://registry.npmjs.org/mime-db/-/mime-db-1.52.0.tgz",
            "integrity": "sha512-sPU4uV7dYlvtWJxwwxHD0PuihVNiE7TyAbQ5SWxDCB9mUYvOgroQOwYQQOKPJ8CIbE+1ETVlOoK1UC2nU3gYvg==",
            "engines": {
                "node": ">= 0.6"
            }
        },
        "node_modules/mime-types": {
            "version": "2.1.35",
            "resolved": "https://registry.npmjs.org/mime-types/-/mime-types-2.1.35.tgz",
            "integrity": "sha512-ZDY+bPm5zTTF+YpCrAU9nK0UgICYPT0QtT1NZWFv4s++TNkcgVaT0g6+4R2uI4MjQjzysHB1zxuWL50hzaeXiw==",
            "dependencies": {
                "mime-db": "1.52.0"
            },
            "engines": {
                "node": ">= 0.6"
            }
        },
        "node_modules/mimic-fn": {
            "version": "2.1.0",
            "resolved": "https://registry.npmjs.org/mimic-fn/-/mimic-fn-2.1.0.tgz",
            "integrity": "sha512-OqbOk5oEQeAZ8WXWydlu9HJjz9WVdEIvamMCcXmuqUYjTknH/sqsWvhQ3vgwKFRR1HpjvNBKQ37nbJgYzGqGcg==",
            "engines": {
                "node": ">=6"
            }
        },
        "node_modules/moment": {
            "version": "2.29.4",
            "resolved": "https://registry.npmjs.org/moment/-/moment-2.29.4.tgz",
            "integrity": "sha512-5LC9SOxjSc2HF6vO2CyuTDNivEdoz2IvyJJGj6X8DJ0eFyfszE0QiEd+iXmBvUP3WHxSjFH/vIsA0EN00cgr8w==",
            "engines": {
                "node": "*"
            }
        },
        "node_modules/moment-parseformat": {
            "version": "3.1.1",
            "resolved": "https://registry.npmjs.org/moment-parseformat/-/moment-parseformat-3.1.1.tgz",
            "integrity": "sha512-uEkXh5w9WDM8xNksZYeGpbZgrcG9qlpTg+f4ftHyOIis4+U08p31zOUzk3YCv2n+c6MUpW+Nb3GLCpjoEuHqJw=="
        },
        "node_modules/moment-timezone": {
            "version": "0.5.40",
            "resolved": "https://registry.npmjs.org/moment-timezone/-/moment-timezone-0.5.40.tgz",
            "integrity": "sha512-tWfmNkRYmBkPJz5mr9GVDn9vRlVZOTe6yqY92rFxiOdWXbjaR0+9LwQnZGGuNR63X456NqmEkbskte8tWL5ePg==",
            "dependencies": {
                "moment": ">= 2.9.0"
            },
            "engines": {
                "node": "*"
            }
        },
        "node_modules/ms": {
            "version": "2.1.2",
            "resolved": "https://registry.npmjs.org/ms/-/ms-2.1.2.tgz",
            "integrity": "sha512-sGkPx+VjMtmA6MX27oA4FBFELFCZZ4S4XqeGOXCv68tT+jb3vk/RyaKWP0PTKyWtmLSM0b+adUTEvbs1PEaH2w=="
        },
        "node_modules/node-fetch": {
            "version": "2.6.9",
            "resolved": "https://registry.npmjs.org/node-fetch/-/node-fetch-2.6.9.tgz",
            "integrity": "sha512-DJm/CJkZkRjKKj4Zi4BsKVZh3ValV5IR5s7LVZnW+6YMh0W1BfNA8XSs6DLMGYlId5F3KnA70uu2qepcR08Qqg==",
            "dependencies": {
                "whatwg-url": "^5.0.0"
            },
            "engines": {
                "node": "4.x || >=6.0.0"
            },
            "peerDependencies": {
                "encoding": "^0.1.0"
            },
            "peerDependenciesMeta": {
                "encoding": {
                    "optional": true
                }
            }
        },
        "node_modules/node-red-contrib-moment": {
            "version": "4.0.0",
            "resolved": "https://registry.npmjs.org/node-red-contrib-moment/-/node-red-contrib-moment-4.0.0.tgz",
            "integrity": "sha512-WVfwZ2azdbhgyxd5PY2F2qMKZ2Jd8Q/ez2H1sqZ8SWuKRWM1CTpIoxW6viIYx94zIXBOj6Ofd4xFD4fZ0I+5gQ==",
            "dependencies": {
                "moment": "^2.29.0",
                "moment-parseformat": "^3.0.0",
                "moment-timezone": "^0.5.31",
                "os-locale": "^5.0.0"
            },
            "engines": {
                "node": ">=10"
            }
        },
        "node_modules/node-red-contrib-sonos-plus": {
            "version": "6.6.1",
            "resolved": "https://registry.npmjs.org/node-red-contrib-sonos-plus/-/node-red-contrib-sonos-plus-6.6.1.tgz",
            "integrity": "sha512-csVup3WMBmKzoFtB8BJiLqZy5EPetjVO3O9O2NFvfMv4JgHzRbTYgenQd4q1usS+kchpQ7MxUrKTxHhH8jxaaw==",
            "dependencies": {
                "@svrooij/sonos": "^v2.6.0-beta.2",
                "axios": "^1.2.2",
                "debug": "^4.3.4",
                "fast-xml-parser": "^4.0.13"
            },
            "engines": {
                "node": ">=12.0.0"
            }
        },
        "node_modules/npm-run-path": {
            "version": "4.0.1",
            "resolved": "https://registry.npmjs.org/npm-run-path/-/npm-run-path-4.0.1.tgz",
            "integrity": "sha512-S48WzZW777zhNIrn7gxOlISNAqi9ZC/uQFnRdbeIHhZhCA6UqpkOT8T1G7BvfdgP4Er8gF4sUbaS0i7QvIfCWw==",
            "dependencies": {
                "path-key": "^3.0.0"
            },
            "engines": {
                "node": ">=8"
            }
        },
        "node_modules/once": {
            "version": "1.4.0",
            "resolved": "https://registry.npmjs.org/once/-/once-1.4.0.tgz",
            "integrity": "sha512-lNaJgI+2Q5URQBkccEKHTQOPaXdUxnZZElQTZY0MFUAuaEqe1E+Nyvgdz/aIyNi6Z9MzO5dv1H8n58/GELp3+w==",
            "dependencies": {
                "wrappy": "1"
            }
        },
        "node_modules/onetime": {
            "version": "5.1.2",
            "resolved": "https://registry.npmjs.org/onetime/-/onetime-5.1.2.tgz",
            "integrity": "sha512-kbpaSSGJTWdAY5KPVeMOKXSrPtr8C8C7wodJbcsd51jRnmD+GZu8Y0VoU6Dm5Z4vWr0Ig/1NKuWRKf7j5aaYSg==",
            "dependencies": {
                "mimic-fn": "^2.1.0"
            },
            "engines": {
                "node": ">=6"
            },
            "funding": {
                "url": "https://github.com/sponsors/sindresorhus"
            }
        },
        "node_modules/os-locale": {
            "version": "5.0.0",
            "resolved": "https://registry.npmjs.org/os-locale/-/os-locale-5.0.0.tgz",
            "integrity": "sha512-tqZcNEDAIZKBEPnHPlVDvKrp7NzgLi7jRmhKiUoa2NUmhl13FtkAGLUVR+ZsYvApBQdBfYm43A4tXXQ4IrYLBA==",
            "dependencies": {
                "execa": "^4.0.0",
                "lcid": "^3.0.0",
                "mem": "^5.0.0"
            },
            "engines": {
                "node": ">=10"
            },
            "funding": {
                "url": "https://github.com/sponsors/sindresorhus"
            }
        },
        "node_modules/p-defer": {
            "version": "1.0.0",
            "resolved": "https://registry.npmjs.org/p-defer/-/p-defer-1.0.0.tgz",
            "integrity": "sha512-wB3wfAxZpk2AzOfUMJNL+d36xothRSyj8EXOa4f6GMqYDN9BJaaSISbsk+wS9abmnebVw95C2Kb5t85UmpCxuw==",
            "engines": {
                "node": ">=4"
            }
        },
        "node_modules/p-is-promise": {
            "version": "2.1.0",
            "resolved": "https://registry.npmjs.org/p-is-promise/-/p-is-promise-2.1.0.tgz",
            "integrity": "sha512-Y3W0wlRPK8ZMRbNq97l4M5otioeA5lm1z7bkNkxCka8HSPjR0xRWmpCmc9utiaLP9Jb1eD8BgeIxTW4AIF45Pg==",
            "engines": {
                "node": ">=6"
            }
        },
        "node_modules/path-key": {
            "version": "3.1.1",
            "resolved": "https://registry.npmjs.org/path-key/-/path-key-3.1.1.tgz",
            "integrity": "sha512-ojmeN0qd+y0jszEtoY48r0Peq5dwMEkIlCOu6Q5f41lfkswXuKtYrhgoTpLnyIcHm24Uhqx+5Tqm2InSwLhE6Q==",
            "engines": {
                "node": ">=8"
            }
        },
        "node_modules/proxy-from-env": {
            "version": "1.1.0",
            "resolved": "https://registry.npmjs.org/proxy-from-env/-/proxy-from-env-1.1.0.tgz",
            "integrity": "sha512-D+zkORCbA9f1tdWRK0RaCR3GPv50cMxcrz4X8k5LTSUD1Dkw47mKJEZQNunItRTkWwgtaUSo1RVFRIG9ZXiFYg=="
        },
        "node_modules/pump": {
            "version": "3.0.0",
            "resolved": "https://registry.npmjs.org/pump/-/pump-3.0.0.tgz",
            "integrity": "sha512-LwZy+p3SFs1Pytd/jYct4wpv49HiYCqd9Rlc5ZVdk0V+8Yzv6jR5Blk3TRmPL1ft69TxP0IMZGJ+WPFU2BFhww==",
            "dependencies": {
                "end-of-stream": "^1.1.0",
                "once": "^1.3.1"
            }
        },
        "node_modules/shebang-command": {
            "version": "2.0.0",
            "resolved": "https://registry.npmjs.org/shebang-command/-/shebang-command-2.0.0.tgz",
            "integrity": "sha512-kHxr2zZpYtdmrN1qDjrrX/Z1rR1kG8Dx+gkpK1G4eXmvXswmcE1hTWBWYUzlraYw1/yZp6YuDY77YtvbN0dmDA==",
            "dependencies": {
                "shebang-regex": "^3.0.0"
            },
            "engines": {
                "node": ">=8"
            }
        },
        "node_modules/shebang-regex": {
            "version": "3.0.0",
            "resolved": "https://registry.npmjs.org/shebang-regex/-/shebang-regex-3.0.0.tgz",
            "integrity": "sha512-7++dFhtcx3353uBaq8DDR4NuxBetBzC7ZQOhmTQInHEd6bSrXdiEyzCvG07Z44UYdLShWUyXt5M/yhz8ekcb1A==",
            "engines": {
                "node": ">=8"
            }
        },
        "node_modules/signal-exit": {
            "version": "3.0.7",
            "resolved": "https://registry.npmjs.org/signal-exit/-/signal-exit-3.0.7.tgz",
            "integrity": "sha512-wnD2ZE+l+SPC/uoS0vXeE9L1+0wuaMqKlfz9AMUo38JsyLSBWSFcHR1Rri62LZc12vLr1gb3jl7iwQhgwpAbGQ=="
        },
        "node_modules/strip-final-newline": {
            "version": "2.0.0",
            "resolved": "https://registry.npmjs.org/strip-final-newline/-/strip-final-newline-2.0.0.tgz",
            "integrity": "sha512-BrpvfNAE3dcvq7ll3xVumzjKjZQ5tI1sEUIKr3Uoks0XUl45St3FlatVqef9prk4jRDzhW6WZg+3bk93y6pLjA==",
            "engines": {
                "node": ">=6"
            }
        },
        "node_modules/strnum": {
            "version": "1.0.5",
            "resolved": "https://registry.npmjs.org/strnum/-/strnum-1.0.5.tgz",
            "integrity": "sha512-J8bbNyKKXl5qYcR36TIO8W3mVGVHrmmxsd5PAItGkmyzwJvybiw2IVq5nqd0i4LSNSkB/sx9VHllbfFdr9k1JA=="
        },
        "node_modules/tr46": {
            "version": "0.0.3",
            "resolved": "https://registry.npmjs.org/tr46/-/tr46-0.0.3.tgz",
            "integrity": "sha512-N3WMsuqV66lT30CrXNbEjx4GEwlow3v6rr4mCcv6prnfwhS01rkgyFdjPNBYd9br7LpXV1+Emh01fHnq2Gdgrw=="
        },
        "node_modules/typed-emitter": {
            "version": "1.4.0",
            "resolved": "https://registry.npmjs.org/typed-emitter/-/typed-emitter-1.4.0.tgz",
            "integrity": "sha512-weBmoo3HhpKGgLBOYwe8EB31CzDFuaK7CCL+axXhUYhn4jo6DSkHnbefboCF5i4DQ2aMFe0C/FdTWcPdObgHyg=="
        },
        "node_modules/webidl-conversions": {
            "version": "3.0.1",
            "resolved": "https://registry.npmjs.org/webidl-conversions/-/webidl-conversions-3.0.1.tgz",
            "integrity": "sha512-2JAn3z8AR6rjK8Sm8orRC0h/bcl/DqL7tRPdGZ4I1CjdF+EaMLmYxBHyXuKL849eucPFhvBoxMsflfOb8kxaeQ=="
        },
        "node_modules/whatwg-url": {
            "version": "5.0.0",
            "resolved": "https://registry.npmjs.org/whatwg-url/-/whatwg-url-5.0.0.tgz",
            "integrity": "sha512-saE57nupxk6v3HY35+jzBwYa0rKSy0XR8JSxZPwgLr7ys0IBzhGviA1/TUGJLmSVqs8pb9AnvICXEuOHLprYTw==",
            "dependencies": {
                "tr46": "~0.0.3",
                "webidl-conversions": "^3.0.0"
            }
        },
        "node_modules/which": {
            "version": "2.0.2",
            "resolved": "https://registry.npmjs.org/which/-/which-2.0.2.tgz",
            "integrity": "sha512-BLI3Tl1TW3Pvl70l3yq3Y64i+awpwXqsGBYWkkqMtnbXgrMD+yj7rhW0kuEDxzJaYXGjEW5ogapKNMEKNMjibA==",
            "dependencies": {
                "isexe": "^2.0.0"
            },
            "bin": {
                "node-which": "bin/node-which"
            },
            "engines": {
                "node": ">= 8"
            }
        },
        "node_modules/wrappy": {
            "version": "1.0.2",
            "resolved": "https://registry.npmjs.org/wrappy/-/wrappy-1.0.2.tgz",
            "integrity": "sha512-l4Sp/DRseor9wL6EvV2+TuQn63dMkPjZ/sp9XkghTEbV9KlPS1xUsZ3u7/IQO4wxtcFB4bgpQPRcR3QCvezPcQ=="
        },
        "node_modules/ws": {
            "version": "8.12.1",
            "resolved": "https://registry.npmjs.org/ws/-/ws-8.12.1.tgz",
            "integrity": "sha512-1qo+M9Ba+xNhPB+YTWUlK6M17brTut5EXbcBaMRN5pH5dFrXz7lzz1ChFSUq3bOUl8yEvSenhHmYUNJxFzdJew==",
            "engines": {
                "node": ">=10.0.0"
            },
            "peerDependencies": {
                "bufferutil": "^4.0.1",
                "utf-8-validate": ">=5.0.2"
            },
            "peerDependenciesMeta": {
                "bufferutil": {
                    "optional": true
                },
                "utf-8-validate": {
                    "optional": true
                }
            }
        }
    },
    "dependencies": {
        "@svrooij/sonos": {
            "version": "2.6.0-beta.5",
            "resolved": "https://registry.npmjs.org/@svrooij/sonos/-/sonos-2.6.0-beta.5.tgz",
            "integrity": "sha512-eGZICTVmZtNR/HdPxrrH006UGCHW9xMhJn/FIUudcZvKSh19mA2oIsSCa4dhSt5/+SRi2r8yob6H45DObZ61Ng==",
            "requires": {
                "debug": "4.3.1",
                "fast-xml-parser": "3.19.0",
                "guid-typescript": "^1.0.9",
                "html-entities": "^2.3.2",
                "node-fetch": "^2.6.1",
                "typed-emitter": "^1.3.1",
                "ws": "^8.12.1"
            },
            "dependencies": {
                "debug": {
                    "version": "4.3.1",
                    "resolved": "https://registry.npmjs.org/debug/-/debug-4.3.1.tgz",
                    "integrity": "sha512-doEwdvm4PCeK4K3RQN2ZC2BYUBaxwLARCqZmMjtF8a51J2Rb0xpVloFRnCODwqjpwnAoao4pelN8l3RJdv3gRQ==",
                    "requires": {
                        "ms": "2.1.2"
                    }
                },
                "fast-xml-parser": {
                    "version": "3.19.0",
                    "resolved": "https://registry.npmjs.org/fast-xml-parser/-/fast-xml-parser-3.19.0.tgz",
                    "integrity": "sha512-4pXwmBplsCPv8FOY1WRakF970TjNGnGnfbOnLqjlYvMiF1SR3yOHyxMR/YCXpPTOspNF5gwudqktIP4VsWkvBg=="
                }
            }
        },
        "asynckit": {
            "version": "0.4.0",
            "resolved": "https://registry.npmjs.org/asynckit/-/asynckit-0.4.0.tgz",
            "integrity": "sha512-Oei9OH4tRh0YqU3GxhX79dM/mwVgvbZJaSNaRk+bshkj0S5cfHcgYakreBjrHwatXKbz+IoIdYLxrKim2MjW0Q=="
        },
        "axios": {
            "version": "1.3.4",
            "resolved": "https://registry.npmjs.org/axios/-/axios-1.3.4.tgz",
            "integrity": "sha512-toYm+Bsyl6VC5wSkfkbbNB6ROv7KY93PEBBL6xyDczaIHasAiv4wPqQ/c4RjoQzipxRD2W5g21cOqQulZ7rHwQ==",
            "requires": {
                "follow-redirects": "^1.15.0",
                "form-data": "^4.0.0",
                "proxy-from-env": "^1.1.0"
            }
        },
        "combined-stream": {
            "version": "1.0.8",
            "resolved": "https://registry.npmjs.org/combined-stream/-/combined-stream-1.0.8.tgz",
            "integrity": "sha512-FQN4MRfuJeHf7cBbBMJFXhKSDq+2kAArBlmRBvcvFE5BB1HZKXtSFASDhdlz9zOYwxh8lDdnvmMOe/+5cdoEdg==",
            "requires": {
                "delayed-stream": "~1.0.0"
            }
        },
        "cross-spawn": {
            "version": "7.0.3",
            "resolved": "https://registry.npmjs.org/cross-spawn/-/cross-spawn-7.0.3.tgz",
            "integrity": "sha512-iRDPJKUPVEND7dHPO8rkbOnPpyDygcDFtWjpeWNCgy8WP2rXcxXL8TskReQl6OrB2G7+UJrags1q15Fudc7G6w==",
            "requires": {
                "path-key": "^3.1.0",
                "shebang-command": "^2.0.0",
                "which": "^2.0.1"
            }
        },
        "debug": {
            "version": "4.3.4",
            "resolved": "https://registry.npmjs.org/debug/-/debug-4.3.4.tgz",
            "integrity": "sha512-PRWFHuSU3eDtQJPvnNY7Jcket1j0t5OuOsFzPPzsekD52Zl8qUfFIPEiswXqIvHWGVHOgX+7G/vCNNhehwxfkQ==",
            "requires": {
                "ms": "2.1.2"
            }
        },
        "delayed-stream": {
            "version": "1.0.0",
            "resolved": "https://registry.npmjs.org/delayed-stream/-/delayed-stream-1.0.0.tgz",
            "integrity": "sha512-ZySD7Nf91aLB0RxL4KGrKHBXl7Eds1DAmEdcoVawXnLD7SDhpNgtuII2aAkg7a7QS41jxPSZ17p4VdGnMHk3MQ=="
        },
        "end-of-stream": {
            "version": "1.4.4",
            "resolved": "https://registry.npmjs.org/end-of-stream/-/end-of-stream-1.4.4.tgz",
            "integrity": "sha512-+uw1inIHVPQoaVuHzRyXd21icM+cnt4CzD5rW+NC1wjOUSTOs+Te7FOv7AhN7vS9x/oIyhLP5PR1H+phQAHu5Q==",
            "requires": {
                "once": "^1.4.0"
            }
        },
        "execa": {
            "version": "4.1.0",
            "resolved": "https://registry.npmjs.org/execa/-/execa-4.1.0.tgz",
            "integrity": "sha512-j5W0//W7f8UxAn8hXVnwG8tLwdiUy4FJLcSupCg6maBYZDpyBvTApK7KyuI4bKj8KOh1r2YH+6ucuYtJv1bTZA==",
            "requires": {
                "cross-spawn": "^7.0.0",
                "get-stream": "^5.0.0",
                "human-signals": "^1.1.1",
                "is-stream": "^2.0.0",
                "merge-stream": "^2.0.0",
                "npm-run-path": "^4.0.0",
                "onetime": "^5.1.0",
                "signal-exit": "^3.0.2",
                "strip-final-newline": "^2.0.0"
            }
        },
        "fast-xml-parser": {
            "version": "4.1.3",
            "resolved": "https://registry.npmjs.org/fast-xml-parser/-/fast-xml-parser-4.1.3.tgz",
            "integrity": "sha512-LsNDahCiCcJPe8NO7HijcnukHB24tKbfDDA5IILx9dmW3Frb52lhbeX6MPNUSvyGNfav2VTYpJ/OqkRoVLrh2Q==",
            "requires": {
                "strnum": "^1.0.5"
            }
        },
        "follow-redirects": {
            "version": "1.15.2",
            "resolved": "https://registry.npmjs.org/follow-redirects/-/follow-redirects-1.15.2.tgz",
            "integrity": "sha512-VQLG33o04KaQ8uYi2tVNbdrWp1QWxNNea+nmIB4EVM28v0hmP17z7aG1+wAkNzVq4KeXTq3221ye5qTJP91JwA=="
        },
        "form-data": {
            "version": "4.0.0",
            "resolved": "https://registry.npmjs.org/form-data/-/form-data-4.0.0.tgz",
            "integrity": "sha512-ETEklSGi5t0QMZuiXoA/Q6vcnxcLQP5vdugSpuAyi6SVGi2clPPp+xgEhuMaHC+zGgn31Kd235W35f7Hykkaww==",
            "requires": {
                "asynckit": "^0.4.0",
                "combined-stream": "^1.0.8",
                "mime-types": "^2.1.12"
            }
        },
        "get-stream": {
            "version": "5.2.0",
            "resolved": "https://registry.npmjs.org/get-stream/-/get-stream-5.2.0.tgz",
            "integrity": "sha512-nBF+F1rAZVCu/p7rjzgA+Yb4lfYXrpl7a6VmJrU8wF9I1CKvP/QwPNZHnOlwbTkY6dvtFIzFMSyQXbLoTQPRpA==",
            "requires": {
                "pump": "^3.0.0"
            }
        },
        "guid-typescript": {
            "version": "1.0.9",
            "resolved": "https://registry.npmjs.org/guid-typescript/-/guid-typescript-1.0.9.tgz",
            "integrity": "sha512-Y8T4vYhEfwJOTbouREvG+3XDsjr8E3kIr7uf+JZ0BYloFsttiHU0WfvANVsR7TxNUJa/WpCnw/Ino/p+DeBhBQ=="
        },
        "html-entities": {
            "version": "2.3.3",
            "resolved": "https://registry.npmjs.org/html-entities/-/html-entities-2.3.3.tgz",
            "integrity": "sha512-DV5Ln36z34NNTDgnz0EWGBLZENelNAtkiFA4kyNOG2tDI6Mz1uSWiq1wAKdyjnJwyDiDO7Fa2SO1CTxPXL8VxA=="
        },
        "human-signals": {
            "version": "1.1.1",
            "resolved": "https://registry.npmjs.org/human-signals/-/human-signals-1.1.1.tgz",
            "integrity": "sha512-SEQu7vl8KjNL2eoGBLF3+wAjpsNfA9XMlXAYj/3EdaNfAlxKthD1xjEQfGOUhllCGGJVNY34bRr6lPINhNjyZw=="
        },
        "invert-kv": {
            "version": "3.0.1",
            "resolved": "https://registry.npmjs.org/invert-kv/-/invert-kv-3.0.1.tgz",
            "integrity": "sha512-CYdFeFexxhv/Bcny+Q0BfOV+ltRlJcd4BBZBYFX/O0u4npJrgZtIcjokegtiSMAvlMTJ+Koq0GBCc//3bueQxw=="
        },
        "is-stream": {
            "version": "2.0.1",
            "resolved": "https://registry.npmjs.org/is-stream/-/is-stream-2.0.1.tgz",
            "integrity": "sha512-hFoiJiTl63nn+kstHGBtewWSKnQLpyb155KHheA1l39uvtO9nWIop1p3udqPcUd/xbF1VLMO4n7OI6p7RbngDg=="
        },
        "isexe": {
            "version": "2.0.0",
            "resolved": "https://registry.npmjs.org/isexe/-/isexe-2.0.0.tgz",
            "integrity": "sha512-RHxMLp9lnKHGHRng9QFhRCMbYAcVpn69smSGcq3f36xjgVVWThj4qqLbTLlq7Ssj8B+fIQ1EuCEGI2lKsyQeIw=="
        },
        "lcid": {
            "version": "3.1.1",
            "resolved": "https://registry.npmjs.org/lcid/-/lcid-3.1.1.tgz",
            "integrity": "sha512-M6T051+5QCGLBQb8id3hdvIW8+zeFV2FyBGFS9IEK5H9Wt4MueD4bW1eWikpHgZp+5xR3l5c8pZUkQsIA0BFZg==",
            "requires": {
                "invert-kv": "^3.0.0"
            }
        },
        "map-age-cleaner": {
            "version": "0.1.3",
            "resolved": "https://registry.npmjs.org/map-age-cleaner/-/map-age-cleaner-0.1.3.tgz",
            "integrity": "sha512-bJzx6nMoP6PDLPBFmg7+xRKeFZvFboMrGlxmNj9ClvX53KrmvM5bXFXEWjbz4cz1AFn+jWJ9z/DJSz7hrs0w3w==",
            "requires": {
                "p-defer": "^1.0.0"
            }
        },
        "mem": {
            "version": "5.1.1",
            "resolved": "https://registry.npmjs.org/mem/-/mem-5.1.1.tgz",
            "integrity": "sha512-qvwipnozMohxLXG1pOqoLiZKNkC4r4qqRucSoDwXowsNGDSULiqFTRUF05vcZWnwJSG22qTsynQhxbaMtnX9gw==",
            "requires": {
                "map-age-cleaner": "^0.1.3",
                "mimic-fn": "^2.1.0",
                "p-is-promise": "^2.1.0"
            }
        },
        "merge-stream": {
            "version": "2.0.0",
            "resolved": "https://registry.npmjs.org/merge-stream/-/merge-stream-2.0.0.tgz",
            "integrity": "sha512-abv/qOcuPfk3URPfDzmZU1LKmuw8kT+0nIHvKrKgFrwifol/doWcdA4ZqsWQ8ENrFKkd67Mfpo/LovbIUsbt3w=="
        },
        "mime-db": {
            "version": "1.52.0",
            "resolved": "https://registry.npmjs.org/mime-db/-/mime-db-1.52.0.tgz",
            "integrity": "sha512-sPU4uV7dYlvtWJxwwxHD0PuihVNiE7TyAbQ5SWxDCB9mUYvOgroQOwYQQOKPJ8CIbE+1ETVlOoK1UC2nU3gYvg=="
        },
        "mime-types": {
            "version": "2.1.35",
            "resolved": "https://registry.npmjs.org/mime-types/-/mime-types-2.1.35.tgz",
            "integrity": "sha512-ZDY+bPm5zTTF+YpCrAU9nK0UgICYPT0QtT1NZWFv4s++TNkcgVaT0g6+4R2uI4MjQjzysHB1zxuWL50hzaeXiw==",
            "requires": {
                "mime-db": "1.52.0"
            }
        },
        "mimic-fn": {
            "version": "2.1.0",
            "resolved": "https://registry.npmjs.org/mimic-fn/-/mimic-fn-2.1.0.tgz",
            "integrity": "sha512-OqbOk5oEQeAZ8WXWydlu9HJjz9WVdEIvamMCcXmuqUYjTknH/sqsWvhQ3vgwKFRR1HpjvNBKQ37nbJgYzGqGcg=="
        },
        "moment": {
            "version": "2.29.4",
            "resolved": "https://registry.npmjs.org/moment/-/moment-2.29.4.tgz",
            "integrity": "sha512-5LC9SOxjSc2HF6vO2CyuTDNivEdoz2IvyJJGj6X8DJ0eFyfszE0QiEd+iXmBvUP3WHxSjFH/vIsA0EN00cgr8w=="
        },
        "moment-parseformat": {
            "version": "3.1.1",
            "resolved": "https://registry.npmjs.org/moment-parseformat/-/moment-parseformat-3.1.1.tgz",
            "integrity": "sha512-uEkXh5w9WDM8xNksZYeGpbZgrcG9qlpTg+f4ftHyOIis4+U08p31zOUzk3YCv2n+c6MUpW+Nb3GLCpjoEuHqJw=="
        },
        "moment-timezone": {
            "version": "0.5.40",
            "resolved": "https://registry.npmjs.org/moment-timezone/-/moment-timezone-0.5.40.tgz",
            "integrity": "sha512-tWfmNkRYmBkPJz5mr9GVDn9vRlVZOTe6yqY92rFxiOdWXbjaR0+9LwQnZGGuNR63X456NqmEkbskte8tWL5ePg==",
            "requires": {
                "moment": ">= 2.9.0"
            }
        },
        "ms": {
            "version": "2.1.2",
            "resolved": "https://registry.npmjs.org/ms/-/ms-2.1.2.tgz",
            "integrity": "sha512-sGkPx+VjMtmA6MX27oA4FBFELFCZZ4S4XqeGOXCv68tT+jb3vk/RyaKWP0PTKyWtmLSM0b+adUTEvbs1PEaH2w=="
        },
        "node-fetch": {
            "version": "2.6.9",
            "resolved": "https://registry.npmjs.org/node-fetch/-/node-fetch-2.6.9.tgz",
            "integrity": "sha512-DJm/CJkZkRjKKj4Zi4BsKVZh3ValV5IR5s7LVZnW+6YMh0W1BfNA8XSs6DLMGYlId5F3KnA70uu2qepcR08Qqg==",
            "requires": {
                "whatwg-url": "^5.0.0"
            }
        },
        "node-red-contrib-moment": {
            "version": "4.0.0",
            "resolved": "https://registry.npmjs.org/node-red-contrib-moment/-/node-red-contrib-moment-4.0.0.tgz",
            "integrity": "sha512-WVfwZ2azdbhgyxd5PY2F2qMKZ2Jd8Q/ez2H1sqZ8SWuKRWM1CTpIoxW6viIYx94zIXBOj6Ofd4xFD4fZ0I+5gQ==",
            "requires": {
                "moment": "^2.29.0",
                "moment-parseformat": "^3.0.0",
                "moment-timezone": "^0.5.31",
                "os-locale": "^5.0.0"
            }
        },
        "node-red-contrib-sonos-plus": {
            "version": "6.6.1",
            "resolved": "https://registry.npmjs.org/node-red-contrib-sonos-plus/-/node-red-contrib-sonos-plus-6.6.1.tgz",
            "integrity": "sha512-csVup3WMBmKzoFtB8BJiLqZy5EPetjVO3O9O2NFvfMv4JgHzRbTYgenQd4q1usS+kchpQ7MxUrKTxHhH8jxaaw==",
            "requires": {
                "@svrooij/sonos": "^v2.6.0-beta.2",
                "axios": "^1.2.2",
                "debug": "^4.3.4",
                "fast-xml-parser": "^4.0.13"
            }
        },
        "npm-run-path": {
            "version": "4.0.1",
            "resolved": "https://registry.npmjs.org/npm-run-path/-/npm-run-path-4.0.1.tgz",
            "integrity": "sha512-S48WzZW777zhNIrn7gxOlISNAqi9ZC/uQFnRdbeIHhZhCA6UqpkOT8T1G7BvfdgP4Er8gF4sUbaS0i7QvIfCWw==",
            "requires": {
                "path-key": "^3.0.0"
            }
        },
        "once": {
            "version": "1.4.0",
            "resolved": "https://registry.npmjs.org/once/-/once-1.4.0.tgz",
            "integrity": "sha512-lNaJgI+2Q5URQBkccEKHTQOPaXdUxnZZElQTZY0MFUAuaEqe1E+Nyvgdz/aIyNi6Z9MzO5dv1H8n58/GELp3+w==",
            "requires": {
                "wrappy": "1"
            }
        },
        "onetime": {
            "version": "5.1.2",
            "resolved": "https://registry.npmjs.org/onetime/-/onetime-5.1.2.tgz",
            "integrity": "sha512-kbpaSSGJTWdAY5KPVeMOKXSrPtr8C8C7wodJbcsd51jRnmD+GZu8Y0VoU6Dm5Z4vWr0Ig/1NKuWRKf7j5aaYSg==",
            "requires": {
                "mimic-fn": "^2.1.0"
            }
        },
        "os-locale": {
            "version": "5.0.0",
            "resolved": "https://registry.npmjs.org/os-locale/-/os-locale-5.0.0.tgz",
            "integrity": "sha512-tqZcNEDAIZKBEPnHPlVDvKrp7NzgLi7jRmhKiUoa2NUmhl13FtkAGLUVR+ZsYvApBQdBfYm43A4tXXQ4IrYLBA==",
            "requires": {
                "execa": "^4.0.0",
                "lcid": "^3.0.0",
                "mem": "^5.0.0"
            }
        },
        "p-defer": {
            "version": "1.0.0",
            "resolved": "https://registry.npmjs.org/p-defer/-/p-defer-1.0.0.tgz",
            "integrity": "sha512-wB3wfAxZpk2AzOfUMJNL+d36xothRSyj8EXOa4f6GMqYDN9BJaaSISbsk+wS9abmnebVw95C2Kb5t85UmpCxuw=="
        },
        "p-is-promise": {
            "version": "2.1.0",
            "resolved": "https://registry.npmjs.org/p-is-promise/-/p-is-promise-2.1.0.tgz",
            "integrity": "sha512-Y3W0wlRPK8ZMRbNq97l4M5otioeA5lm1z7bkNkxCka8HSPjR0xRWmpCmc9utiaLP9Jb1eD8BgeIxTW4AIF45Pg=="
        },
        "path-key": {
            "version": "3.1.1",
            "resolved": "https://registry.npmjs.org/path-key/-/path-key-3.1.1.tgz",
            "integrity": "sha512-ojmeN0qd+y0jszEtoY48r0Peq5dwMEkIlCOu6Q5f41lfkswXuKtYrhgoTpLnyIcHm24Uhqx+5Tqm2InSwLhE6Q=="
        },
        "proxy-from-env": {
            "version": "1.1.0",
            "resolved": "https://registry.npmjs.org/proxy-from-env/-/proxy-from-env-1.1.0.tgz",
            "integrity": "sha512-D+zkORCbA9f1tdWRK0RaCR3GPv50cMxcrz4X8k5LTSUD1Dkw47mKJEZQNunItRTkWwgtaUSo1RVFRIG9ZXiFYg=="
        },
        "pump": {
            "version": "3.0.0",
            "resolved": "https://registry.npmjs.org/pump/-/pump-3.0.0.tgz",
            "integrity": "sha512-LwZy+p3SFs1Pytd/jYct4wpv49HiYCqd9Rlc5ZVdk0V+8Yzv6jR5Blk3TRmPL1ft69TxP0IMZGJ+WPFU2BFhww==",
            "requires": {
                "end-of-stream": "^1.1.0",
                "once": "^1.3.1"
            }
        },
        "shebang-command": {
            "version": "2.0.0",
            "resolved": "https://registry.npmjs.org/shebang-command/-/shebang-command-2.0.0.tgz",
            "integrity": "sha512-kHxr2zZpYtdmrN1qDjrrX/Z1rR1kG8Dx+gkpK1G4eXmvXswmcE1hTWBWYUzlraYw1/yZp6YuDY77YtvbN0dmDA==",
            "requires": {
                "shebang-regex": "^3.0.0"
            }
        },
        "shebang-regex": {
            "version": "3.0.0",
            "resolved": "https://registry.npmjs.org/shebang-regex/-/shebang-regex-3.0.0.tgz",
            "integrity": "sha512-7++dFhtcx3353uBaq8DDR4NuxBetBzC7ZQOhmTQInHEd6bSrXdiEyzCvG07Z44UYdLShWUyXt5M/yhz8ekcb1A=="
        },
        "signal-exit": {
            "version": "3.0.7",
            "resolved": "https://registry.npmjs.org/signal-exit/-/signal-exit-3.0.7.tgz",
            "integrity": "sha512-wnD2ZE+l+SPC/uoS0vXeE9L1+0wuaMqKlfz9AMUo38JsyLSBWSFcHR1Rri62LZc12vLr1gb3jl7iwQhgwpAbGQ=="
        },
        "strip-final-newline": {
            "version": "2.0.0",
            "resolved": "https://registry.npmjs.org/strip-final-newline/-/strip-final-newline-2.0.0.tgz",
            "integrity": "sha512-BrpvfNAE3dcvq7ll3xVumzjKjZQ5tI1sEUIKr3Uoks0XUl45St3FlatVqef9prk4jRDzhW6WZg+3bk93y6pLjA=="
        },
        "strnum": {
            "version": "1.0.5",
            "resolved": "https://registry.npmjs.org/strnum/-/strnum-1.0.5.tgz",
            "integrity": "sha512-J8bbNyKKXl5qYcR36TIO8W3mVGVHrmmxsd5PAItGkmyzwJvybiw2IVq5nqd0i4LSNSkB/sx9VHllbfFdr9k1JA=="
        },
        "tr46": {
            "version": "0.0.3",
            "resolved": "https://registry.npmjs.org/tr46/-/tr46-0.0.3.tgz",
            "integrity": "sha512-N3WMsuqV66lT30CrXNbEjx4GEwlow3v6rr4mCcv6prnfwhS01rkgyFdjPNBYd9br7LpXV1+Emh01fHnq2Gdgrw=="
        },
        "typed-emitter": {
            "version": "1.4.0",
            "resolved": "https://registry.npmjs.org/typed-emitter/-/typed-emitter-1.4.0.tgz",
            "integrity": "sha512-weBmoo3HhpKGgLBOYwe8EB31CzDFuaK7CCL+axXhUYhn4jo6DSkHnbefboCF5i4DQ2aMFe0C/FdTWcPdObgHyg=="
        },
        "webidl-conversions": {
            "version": "3.0.1",
            "resolved": "https://registry.npmjs.org/webidl-conversions/-/webidl-conversions-3.0.1.tgz",
            "integrity": "sha512-2JAn3z8AR6rjK8Sm8orRC0h/bcl/DqL7tRPdGZ4I1CjdF+EaMLmYxBHyXuKL849eucPFhvBoxMsflfOb8kxaeQ=="
        },
        "whatwg-url": {
            "version": "5.0.0",
            "resolved": "https://registry.npmjs.org/whatwg-url/-/whatwg-url-5.0.0.tgz",
            "integrity": "sha512-saE57nupxk6v3HY35+jzBwYa0rKSy0XR8JSxZPwgLr7ys0IBzhGviA1/TUGJLmSVqs8pb9AnvICXEuOHLprYTw==",
            "requires": {
                "tr46": "~0.0.3",
                "webidl-conversions": "^3.0.0"
            }
        },
        "which": {
            "version": "2.0.2",
            "resolved": "https://registry.npmjs.org/which/-/which-2.0.2.tgz",
            "integrity": "sha512-BLI3Tl1TW3Pvl70l3yq3Y64i+awpwXqsGBYWkkqMtnbXgrMD+yj7rhW0kuEDxzJaYXGjEW5ogapKNMEKNMjibA==",
            "requires": {
                "isexe": "^2.0.0"
            }
        },
        "wrappy": {
            "version": "1.0.2",
            "resolved": "https://registry.npmjs.org/wrappy/-/wrappy-1.0.2.tgz",
            "integrity": "sha512-l4Sp/DRseor9wL6EvV2+TuQn63dMkPjZ/sp9XkghTEbV9KlPS1xUsZ3u7/IQO4wxtcFB4bgpQPRcR3QCvezPcQ=="
        },
        "ws": {
            "version": "8.12.1",
            "resolved": "https://registry.npmjs.org/ws/-/ws-8.12.1.tgz",
            "integrity": "sha512-1qo+M9Ba+xNhPB+YTWUlK6M17brTut5EXbcBaMRN5pH5dFrXz7lzz1ChFSUq3bOUl8yEvSenhHmYUNJxFzdJew==",
            "requires": {}
        }
    }
}
